{
  "originHash" : "2354b2ab8838131995a067605aac1e37b3282417c0711995da207b74e5ba4a7a",
  "pins" : [
    {
      "identity" : "swiftapiclient",
      "kind" : "remoteSourceControl",
      "location" : "https://github.com/tony1224/SwiftAPIClient.git",
      "state" : {
        "revision" : "a1457c4b3dcc0e48421143bf7a07e795c82227cf",
        "version" : "1.1.0"
      }
    }
  ],
  "version" : 3
}
